
Microsoft Visual Studio Solution File, Format Version 12.00
# Visual Studio 15
VisualStudioVersion = 15.0.28307.421
MinimumVisualStudioVersion = 10.0.40219.1
Project("{FAE04EC0-301F-11D3-BF4B-00C04F79EFBC}") = "AotRepro.Android", "AotRepro\AotRepro.Android\AotRepro.Android.csproj", "{1D90E1C0-AD17-485E-BC4C-4E8E6A2F694D}"
EndProject
Project("{FAE04EC0-301F-11D3-BF4B-00C04F79EFBC}") = "AotRepro", "AotRepro\AotRepro\AotRepro.csproj", "{D25C824A-82E2-4650-A3A8-D37E7814FC7C}"
EndProject
Global
	GlobalSection(SolutionConfigurationPlatforms) = preSolution
		Debug|Any CPU = Debug|Any CPU
		Release|Any CPU = Release|Any CPU
	EndGlobalSection
	GlobalSection(ProjectConfigurationPlatforms) = postSolution
		{1D90E1C0-AD17-485E-BC4C-4E8E6A2F694D}.Debug|Any CPU.ActiveCfg = Debug|Any CPU
		{1D90E1C0-AD17-485E-BC4C-4E8E6A2F694D}.Debug|Any CPU.Build.0 = Debug|Any CPU
		{1D90E1C0-AD17-485E-BC4C-4E8E6A2F694D}.Debug|Any CPU.Deploy.0 = Debug|Any CPU
		{1D90E1C0-AD17-485E-BC4C-4E8E6A2F694D}.Release|Any CPU.ActiveCfg = Release|Any CPU
		{1D90E1C0-AD17-485E-BC4C-4E8E6A2F694D}.Release|Any CPU.Build.0 = Release|Any CPU
		{1D90E1C0-AD17-485E-BC4C-4E8E6A2F694D}.Release|Any CPU.Deploy.0 = Release|Any CPU
		{D25C824A-82E2-4650-A3A8-D37E7814FC7C}.Debug|Any CPU.ActiveCfg = Debug|Any CPU
		{D25C824A-82E2-4650-A3A8-D37E7814FC7C}.Debug|Any CPU.Build.0 = Debug|Any CPU
		{D25C824A-82E2-4650-A3A8-D37E7814FC7C}.Release|Any CPU.ActiveCfg = Release|Any CPU
		{D25C824A-82E2-4650-A3A8-D37E7814FC7C}.Release|Any CPU.Build.0 = Release|Any CPU
	EndGlobalSection
	GlobalSection(SolutionProperties) = preSolution
		HideSolutionNode = FALSE
	EndGlobalSection
	GlobalSection(ExtensibilityGlobals) = postSolution
		SolutionGuid = {012E5DEA-8020-4D8B-8237-46128F27233E}
	EndGlobalSection
EndGlobal
